// !$*UTF8*$!
{
	archiveVersion = 1;
	classes = {
	};
	objectVersion = 56;
	objects = {

/* Begin PBXBuildFile section */
		0E8250A3076D534FD945409E /* Pods_FilmList_FilmListUITests.framework in Frameworks */ = {isa = PBXBuildFile; fileRef = 0C0C80D3A0930120A78148D9 /* Pods_FilmList_FilmListUITests.framework */; };
		155C9688DE19AE9154593481 /* Pods_FilmListTests.framework in Frameworks */ = {isa = PBXBuildFile; fileRef = 16872CF667C6CB860AFFA145 /* Pods_FilmListTests.framework */; };
		B92A65208FC2151BC17D020A /* Pods_FilmList.framework in Frameworks */ = {isa = PBXBuildFile; fileRef = 5AE7754D1FBD87A5345D30D7 /* Pods_FilmList.framework */; };
		F024891629FAB82E00C761A0 /* AppDelegate.swift in Sources */ = {isa = PBXBuildFile; fileRef = F024891529FAB82E00C761A0 /* AppDelegate.swift */; };
		F024891A29FAB82E00C761A0 /* ViewController.swift in Sources */ = {isa = PBXBuildFile; fileRef = F024891929FAB82E00C761A0 /* ViewController.swift */; };
		F024891D29FAB82E00C761A0 /* Main.storyboard in Resources */ = {isa = PBXBuildFile; fileRef = F024891B29FAB82E00C761A0 /* Main.storyboard */; };
		F024891F29FAB83000C761A0 /* Assets.xcassets in Resources */ = {isa = PBXBuildFile; fileRef = F024891E29FAB83000C761A0 /* Assets.xcassets */; };
		F024892229FAB83000C761A0 /* LaunchScreen.storyboard in Resources */ = {isa = PBXBuildFile; fileRef = F024892029FAB83000C761A0 /* LaunchScreen.storyboard */; };
		F024892D29FAB83100C761A0 /* FilmListTests.swift in Sources */ = {isa = PBXBuildFile; fileRef = F024892C29FAB83100C761A0 /* FilmListTests.swift */; };
		F024893729FAB83100C761A0 /* FilmListUITests.swift in Sources */ = {isa = PBXBuildFile; fileRef = F024893629FAB83100C761A0 /* FilmListUITests.swift */; };
		F024893929FAB83100C761A0 /* FilmListUITestsLaunchTests.swift in Sources */ = {isa = PBXBuildFile; fileRef = F024893829FAB83100C761A0 /* FilmListUITestsLaunchTests.swift */; };
/* End PBXBuildFile section */

/* Begin PBXContainerItemProxy section */
		F024892929FAB83100C761A0 /* PBXContainerItemProxy */ = {
			isa = PBXContainerItemProxy;
			containerPortal = F024890A29FAB82E00C761A0 /* Project object */;
			proxyType = 1;
			remoteGlobalIDString = F024891129FAB82E00C761A0;
			remoteInfo = FilmList;
		};
		F024893329FAB83100C761A0 /* PBXContainerItemProxy */ = {
			isa = PBXContainerItemProxy;
			containerPortal = F024890A29FAB82E00C761A0 /* Project object */;
			proxyType = 1;
			remoteGlobalIDString = F024891129FAB82E00C761A0;
			remoteInfo = FilmList;
		};
/* End PBXContainerItemProxy section */

/* Begin PBXFileReference section */
		0C0C80D3A0930120A78148D9 /* Pods_FilmList_FilmListUITests.framework */ = {isa = PBXFileReference; explicitFileType = wrapper.framework; includeInIndex = 0; path = Pods_FilmList_FilmListUITests.framework; sourceTree = BUILT_PRODUCTS_DIR; };
		0E746CAB2CCAE872B4C3EFAA /* Pods-FilmListTests.release.xcconfig */ = {isa = PBXFileReference; includeInIndex = 1; lastKnownFileType = text.xcconfig; name = "Pods-FilmListTests.release.xcconfig"; path = "Target Support Files/Pods-FilmListTests/Pods-FilmListTests.release.xcconfig"; sourceTree = "<group>"; };
		13A6B2BC25B346F06C9E9EEE /* Pods-FilmList.debug.xcconfig */ = {isa = PBXFileReference; includeInIndex = 1; lastKnownFileType = text.xcconfig; name = "Pods-FilmList.debug.xcconfig"; path = "Target Support Files/Pods-FilmList/Pods-FilmList.debug.xcconfig"; sourceTree = "<group>"; };
		16872CF667C6CB860AFFA145 /* Pods_FilmListTests.framework */ = {isa = PBXFileReference; explicitFileType = wrapper.framework; includeInIndex = 0; path = Pods_FilmListTests.framework; sourceTree = BUILT_PRODUCTS_DIR; };
		39F5C7A5C96C0B4A4A8BF86A /* Pods-FilmList-FilmListUITests.debug.xcconfig */ = {isa = PBXFileReference; includeInIndex = 1; lastKnownFileType = text.xcconfig; name = "Pods-FilmList-FilmListUITests.debug.xcconfig"; path = "Target Support Files/Pods-FilmList-FilmListUITests/Pods-FilmList-FilmListUITests.debug.xcconfig"; sourceTree = "<group>"; };
		5AE7754D1FBD87A5345D30D7 /* Pods_FilmList.framework */ = {isa = PBXFileReference; explicitFileType = wrapper.framework; includeInIndex = 0; path = Pods_FilmList.framework; sourceTree = BUILT_PRODUCTS_DIR; };
		64FCE8C5281BC1DA32C8AD89 /* Pods-FilmList-FilmListUITests.release.xcconfig */ = {isa = PBXFileReference; includeInIndex = 1; lastKnownFileType = text.xcconfig; name = "Pods-FilmList-FilmListUITests.release.xcconfig"; path = "Target Support Files/Pods-FilmList-FilmListUITests/Pods-FilmList-FilmListUITests.release.xcconfig"; sourceTree = "<group>"; };
		8796802444E3A28A397E0CC2 /* Pods-FilmList.release.xcconfig */ = {isa = PBXFileReference; includeInIndex = 1; lastKnownFileType = text.xcconfig; name = "Pods-FilmList.release.xcconfig"; path = "Target Support Files/Pods-FilmList/Pods-FilmList.release.xcconfig"; sourceTree = "<group>"; };
		F024891229FAB82E00C761A0 /* FilmList.app */ = {isa = PBXFileReference; explicitFileType = wrapper.application; includeInIndex = 0; path = FilmList.app; sourceTree = BUILT_PRODUCTS_DIR; };
		F024891529FAB82E00C761A0 /* AppDelegate.swift */ = {isa = PBXFileReference; lastKnownFileType = sourcecode.swift; path = AppDelegate.swift; sourceTree = "<group>"; };
		F024891929FAB82E00C761A0 /* ViewController.swift */ = {isa = PBXFileReference; lastKnownFileType = sourcecode.swift; path = ViewController.swift; sourceTree = "<group>"; };
		F024891C29FAB82E00C761A0 /* Base */ = {isa = PBXFileReference; lastKnownFileType = file.storyboard; name = Base; path = Base.lproj/Main.storyboard; sourceTree = "<group>"; };
		F024891E29FAB83000C761A0 /* Assets.xcassets */ = {isa = PBXFileReference; lastKnownFileType = folder.assetcatalog; path = Assets.xcassets; sourceTree = "<group>"; };
		F024892129FAB83000C761A0 /* Base */ = {isa = PBXFileReference; lastKnownFileType = file.storyboard; name = Base; path = Base.lproj/LaunchScreen.storyboard; sourceTree = "<group>"; };
		F024892329FAB83000C761A0 /* Info.plist */ = {isa = PBXFileReference; lastKnownFileType = text.plist.xml; path = Info.plist; sourceTree = "<group>"; };
		F024892829FAB83100C761A0 /* FilmListTests.xctest */ = {isa = PBXFileReference; explicitFileType = wrapper.cfbundle; includeInIndex = 0; path = FilmListTests.xctest; sourceTree = BUILT_PRODUCTS_DIR; };
		F024892C29FAB83100C761A0 /* FilmListTests.swift */ = {isa = PBXFileReference; lastKnownFileType = sourcecode.swift; path = FilmListTests.swift; sourceTree = "<group>"; };
		F024893229FAB83100C761A0 /* FilmListUITests.xctest */ = {isa = PBXFileReference; explicitFileType = wrapper.cfbundle; includeInIndex = 0; path = FilmListUITests.xctest; sourceTree = BUILT_PRODUCTS_DIR; };
		F024893629FAB83100C761A0 /* FilmListUITests.swift */ = {isa = PBXFileReference; lastKnownFileType = sourcecode.swift; path = FilmListUITests.swift; sourceTree = "<group>"; };
		F024893829FAB83100C761A0 /* FilmListUITestsLaunchTests.swift */ = {isa = PBXFileReference; lastKnownFileType = sourcecode.swift; path = FilmListUITestsLaunchTests.swift; sourceTree = "<group>"; };
		FFA1B4B7120DAC60F41DEA0B /* Pods-FilmListTests.debug.xcconfig */ = {isa = PBXFileReference; includeInIndex = 1; lastKnownFileType = text.xcconfig; name = "Pods-FilmListTests.debug.xcconfig"; path = "Target Support Files/Pods-FilmListTests/Pods-FilmListTests.debug.xcconfig"; sourceTree = "<group>"; };
/* End PBXFileReference section */

/* Begin PBXFrameworksBuildPhase section */
		F024890F29FAB82E00C761A0 /* Frameworks */ = {
			isa = PBXFrameworksBuildPhase;
			buildActionMask = 2147483647;
			files = (
				B92A65208FC2151BC17D020A /* Pods_FilmList.framework in Frameworks */,
			);
			runOnlyForDeploymentPostprocessing = 0;
		};
		F024892529FAB83100C761A0 /* Frameworks */ = {
			isa = PBXFrameworksBuildPhase;
			buildActionMask = 2147483647;
			files = (
				155C9688DE19AE9154593481 /* Pods_FilmListTests.framework in Frameworks */,
			);
			runOnlyForDeploymentPostprocessing = 0;
		};
		F024892F29FAB83100C761A0 /* Frameworks */ = {
			isa = PBXFrameworksBuildPhase;
			buildActionMask = 2147483647;
			files = (
				0E8250A3076D534FD945409E /* Pods_FilmList_FilmListUITests.framework in Frameworks */,
			);
			runOnlyForDeploymentPostprocessing = 0;
		};
/* End PBXFrameworksBuildPhase section */

/* Begin PBXGroup section */
		5111FDB63DC6F883DCE205BA /* Frameworks */ = {
			isa = PBXGroup;
			children = (
				5AE7754D1FBD87A5345D30D7 /* Pods_FilmList.framework */,
				0C0C80D3A0930120A78148D9 /* Pods_FilmList_FilmListUITests.framework */,
				16872CF667C6CB860AFFA145 /* Pods_FilmListTests.framework */,
			);
			name = Frameworks;
			sourceTree = "<group>";
		};
		F024890929FAB82E00C761A0 = {
			isa = PBXGroup;
			children = (
				F024891429FAB82E00C761A0 /* FilmList */,
				F024892B29FAB83100C761A0 /* FilmListTests */,
				F024893529FAB83100C761A0 /* FilmListUITests */,
				F024891329FAB82E00C761A0 /* Products */,
				F948502C059435A1362F7337 /* Pods */,
				5111FDB63DC6F883DCE205BA /* Frameworks */,
			);
			sourceTree = "<group>";
		};
		F024891329FAB82E00C761A0 /* Products */ = {
			isa = PBXGroup;
			children = (
				F024891229FAB82E00C761A0 /* FilmList.app */,
				F024892829FAB83100C761A0 /* FilmListTests.xctest */,
				F024893229FAB83100C761A0 /* FilmListUITests.xctest */,
			);
			name = Products;
			sourceTree = "<group>";
		};
		F024891429FAB82E00C761A0 /* FilmList */ = {
			isa = PBXGroup;
			children = (
				F024891529FAB82E00C761A0 /* AppDelegate.swift */,
				F024891929FAB82E00C761A0 /* ViewController.swift */,
				F024891B29FAB82E00C761A0 /* Main.storyboard */,
				F024891E29FAB83000C761A0 /* Assets.xcassets */,
				F024892029FAB83000C761A0 /* LaunchScreen.storyboard */,
				F024892329FAB83000C761A0 /* Info.plist */,
			);
			path = FilmList;
			sourceTree = "<group>";
		};
		F024892B29FAB83100C761A0 /* FilmListTests */ = {
			isa = PBXGroup;
			children = (
				F024892C29FAB83100C761A0 /* FilmListTests.swift */,
			);
			path = FilmListTests;
			sourceTree = "<group>";
		};
		F024893529FAB83100C761A0 /* FilmListUITests */ = {
			isa = PBXGroup;
			children = (
				F024893629FAB83100C761A0 /* FilmListUITests.swift */,
				F024893829FAB83100C761A0 /* FilmListUITestsLaunchTests.swift */,
			);
			path = FilmListUITests;
			sourceTree = "<group>";
		};
		F948502C059435A1362F7337 /* Pods */ = {
			isa = PBXGroup;
			children = (
				13A6B2BC25B346F06C9E9EEE /* Pods-FilmList.debug.xcconfig */,
				8796802444E3A28A397E0CC2 /* Pods-FilmList.release.xcconfig */,
				39F5C7A5C96C0B4A4A8BF86A /* Pods-FilmList-FilmListUITests.debug.xcconfig */,
				64FCE8C5281BC1DA32C8AD89 /* Pods-FilmList-FilmListUITests.release.xcconfig */,
				FFA1B4B7120DAC60F41DEA0B /* Pods-FilmListTests.debug.xcconfig */,
				0E746CAB2CCAE872B4C3EFAA /* Pods-FilmListTests.release.xcconfig */,
			);
			name = Pods;
			path = Pods;
			sourceTree = "<group>";
		};
/* End PBXGroup section */

/* Begin PBXNativeTarget section */
		F024891129FAB82E00C761A0 /* FilmList */ = {
			isa = PBXNativeTarget;
			buildConfigurationList = F024893C29FAB83100C761A0 /* Build configuration list for PBXNativeTarget "FilmList" */;
			buildPhases = (
				D7A3CA59DEB00E787805C171 /* [CP] Check Pods Manifest.lock */,
				F024890E29FAB82E00C761A0 /* Sources */,
				F024890F29FAB82E00C761A0 /* Frameworks */,
				F024891029FAB82E00C761A0 /* Resources */,
				7A1065C481B07A7436360257 /* [CP] Embed Pods Frameworks */,
			);
			buildRules = (
			);
			dependencies = (
			);
			name = FilmList;
			productName = FilmList;
			productReference = F024891229FAB82E00C761A0 /* FilmList.app */;
			productType = "com.apple.product-type.application";
		};
		F024892729FAB83100C761A0 /* FilmListTests */ = {
			isa = PBXNativeTarget;
			buildConfigurationList = F024893F29FAB83100C761A0 /* Build configuration list for PBXNativeTarget "FilmListTests" */;
			buildPhases = (
				CE78A7B667A7857B36FE8C2D /* [CP] Check Pods Manifest.lock */,
				F024892429FAB83100C761A0 /* Sources */,
				F024892529FAB83100C761A0 /* Frameworks */,
				F024892629FAB83100C761A0 /* Resources */,
			);
			buildRules = (
			);
			dependencies = (
				F024892A29FAB83100C761A0 /* PBXTargetDependency */,
			);
			name = FilmListTests;
			productName = FilmListTests;
			productReference = F024892829FAB83100C761A0 /* FilmListTests.xctest */;
			productType = "com.apple.product-type.bundle.unit-test";
		};
		F024893129FAB83100C761A0 /* FilmListUITests */ = {
			isa = PBXNativeTarget;
			buildConfigurationList = F024894229FAB83100C761A0 /* Build configuration list for PBXNativeTarget "FilmListUITests" */;
			buildPhases = (
				1C415F119C9EF96292BC6F59 /* [CP] Check Pods Manifest.lock */,
				F024892E29FAB83100C761A0 /* Sources */,
				F024892F29FAB83100C761A0 /* Frameworks */,
				F024893029FAB83100C761A0 /* Resources */,
				574B3BDAE3F3F6365A3D5B4D /* [CP] Embed Pods Frameworks */,
			);
			buildRules = (
			);
			dependencies = (
				F024893429FAB83100C761A0 /* PBXTargetDependency */,
			);
			name = FilmListUITests;
			productName = FilmListUITests;
			productReference = F024893229FAB83100C761A0 /* FilmListUITests.xctest */;
			productType = "com.apple.product-type.bundle.ui-testing";
		};
/* End PBXNativeTarget section */

/* Begin PBXProject section */
		F024890A29FAB82E00C761A0 /* Project object */ = {
			isa = PBXProject;
			attributes = {
				BuildIndependentTargetsInParallel = 1;
				LastSwiftUpdateCheck = 1430;
				LastUpgradeCheck = 1430;
				TargetAttributes = {
					F024891129FAB82E00C761A0 = {
						CreatedOnToolsVersion = 14.3;
					};
					F024892729FAB83100C761A0 = {
						CreatedOnToolsVersion = 14.3;
						TestTargetID = F024891129FAB82E00C761A0;
					};
					F024893129FAB83100C761A0 = {
						CreatedOnToolsVersion = 14.3;
						TestTargetID = F024891129FAB82E00C761A0;
					};
				};
			};
			buildConfigurationList = F024890D29FAB82E00C761A0 /* Build configuration list for PBXProject "FilmList" */;
			compatibilityVersion = "Xcode 14.0";
			developmentRegion = en;
			hasScannedForEncodings = 0;
			knownRegions = (
				en,
				Base,
			);
			mainGroup = F024890929FAB82E00C761A0;
			productRefGroup = F024891329FAB82E00C761A0 /* Products */;
			projectDirPath = "";
			projectRoot = "";
			targets = (
				F024891129FAB82E00C761A0 /* FilmList */,
				F024892729FAB83100C761A0 /* FilmListTests */,
				F024893129FAB83100C761A0 /* FilmListUITests */,
			);
		};
/* End PBXProject section */

/* Begin PBXResourcesBuildPhase section */
		F024891029FAB82E00C761A0 /* Resources */ = {
			isa = PBXResourcesBuildPhase;
			buildActionMask = 2147483647;
			files = (
				F024892229FAB83000C761A0 /* LaunchScreen.storyboard in Resources */,
				F024891F29FAB83000C761A0 /* Assets.xcassets in Resources */,
				F024891D29FAB82E00C761A0 /* Main.storyboard in Resources */,
			);
			runOnlyForDeploymentPostprocessing = 0;
		};
		F024892629FAB83100C761A0 /* Resources */ = {
			isa = PBXResourcesBuildPhase;
			buildActionMask = 2147483647;
			files = (
			);
			runOnlyForDeploymentPostprocessing = 0;
		};
		F024893029FAB83100C761A0 /* Resources */ = {
			isa = PBXResourcesBuildPhase;
			buildActionMask = 2147483647;
			files = (
			);
			runOnlyForDeploymentPostprocessing = 0;
		};
/* End PBXResourcesBuildPhase section */

/* Begin PBXShellScriptBuildPhase section */
		1C415F119C9EF96292BC6F59 /* [CP] Check Pods Manifest.lock */ = {
			isa = PBXShellScriptBuildPhase;
			buildActionMask = 2147483647;
			files = (
			);
			inputFileListPaths = (
			);
			inputPaths = (
				"${PODS_PODFILE_DIR_PATH}/Podfile.lock",
				"${PODS_ROOT}/Manifest.lock",
			);
			name = "[CP] Check Pods Manifest.lock";
			outputFileListPaths = (
			);
			outputPaths = (
				"$(DERIVED_FILE_DIR)/Pods-FilmList-FilmListUITests-checkManifestLockResult.txt",
			);
			runOnlyForDeploymentPostprocessing = 0;
			shellPath = /bin/sh;
			shellScript = "diff \"${PODS_PODFILE_DIR_PATH}/Podfile.lock\" \"${PODS_ROOT}/Manifest.lock\" > /dev/null\nif [ $? != 0 ] ; then\n    # print error to STDERR\n    echo \"error: The sandbox is not in sync with the Podfile.lock. Run 'pod install' or update your CocoaPods installation.\" >&2\n    exit 1\nfi\n# This output is used by Xcode 'outputs' to avoid re-running this script phase.\necho \"SUCCESS\" > \"${SCRIPT_OUTPUT_FILE_0}\"\n";
			showEnvVarsInLog = 0;
		};
		574B3BDAE3F3F6365A3D5B4D /* [CP] Embed Pods Frameworks */ = {
			isa = PBXShellScriptBuildPhase;
			buildActionMask = 2147483647;
			files = (
			);
			inputFileListPaths = (
				"${PODS_ROOT}/Target Support Files/Pods-FilmList-FilmListUITests/Pods-FilmList-FilmListUITests-frameworks-${CONFIGURATION}-input-files.xcfilelist",
			);
			name = "[CP] Embed Pods Frameworks";
			outputFileListPaths = (
				"${PODS_ROOT}/Target Support Files/Pods-FilmList-FilmListUITests/Pods-FilmList-FilmListUITests-frameworks-${CONFIGURATION}-output-files.xcfilelist",
			);
			runOnlyForDeploymentPostprocessing = 0;
			shellPath = /bin/sh;
			shellScript = "\"${PODS_ROOT}/Target Support Files/Pods-FilmList-FilmListUITests/Pods-FilmList-FilmListUITests-frameworks.sh\"\n";
			showEnvVarsInLog = 0;
		};
		7A1065C481B07A7436360257 /* [CP] Embed Pods Frameworks */ = {
			isa = PBXShellScriptBuildPhase;
			buildActionMask = 2147483647;
			files = (
			);
			inputFileListPaths = (
				"${PODS_ROOT}/Target Support Files/Pods-FilmList/Pods-FilmList-frameworks-${CONFIGURATION}-input-files.xcfilelist",
			);
			name = "[CP] Embed Pods Frameworks";
			outputFileListPaths = (
				"${PODS_ROOT}/Target Support Files/Pods-FilmList/Pods-FilmList-frameworks-${CONFIGURATION}-output-files.xcfilelist",
			);
			runOnlyForDeploymentPostprocessing = 0;
			shellPath = /bin/sh;
			shellScript = "\"${PODS_ROOT}/Target Support Files/Pods-FilmList/Pods-FilmList-frameworks.sh\"\n";
			showEnvVarsInLog = 0;
		};
		CE78A7B667A7857B36FE8C2D /* [CP] Check Pods Manifest.lock */ = {
			isa = PBXShellScriptBuildPhase;
			buildActionMask = 2147483647;
			files = (
			);
			inputFileListPaths = (
			);
			inputPaths = (
				"${PODS_PODFILE_DIR_PATH}/Podfile.lock",
				"${PODS_ROOT}/Manifest.lock",
			);
			name = "[CP] Check Pods Manifest.lock";
			outputFileListPaths = (
			);
			outputPaths = (
				"$(DERIVED_FILE_DIR)/Pods-FilmListTests-checkManifestLockResult.txt",
			);
			runOnlyForDeploymentPostprocessing = 0;
			shellPath = /bin/sh;
			shellScript = "diff \"${PODS_PODFILE_DIR_PATH}/Podfile.lock\" \"${PODS_ROOT}/Manifest.lock\" > /dev/null\nif [ $? != 0 ] ; then\n    # print error to STDERR\n    echo \"error: The sandbox is not in sync with the Podfile.lock. Run 'pod install' or update your CocoaPods installation.\" >&2\n    exit 1\nfi\n# This output is used by Xcode 'outputs' to avoid re-running this script phase.\necho \"SUCCESS\" > \"${SCRIPT_OUTPUT_FILE_0}\"\n";
			showEnvVarsInLog = 0;
		};
		D7A3CA59DEB00E787805C171 /* [CP] Check Pods Manifest.lock */ = {
			isa = PBXShellScriptBuildPhase;
			buildActionMask = 2147483647;
			files = (
			);
			inputFileListPaths = (
			);
			inputPaths = (
				"${PODS_PODFILE_DIR_PATH}/Podfile.lock",
				"${PODS_ROOT}/Manifest.lock",
			);
			name = "[CP] Check Pods Manifest.lock";
			outputFileListPaths = (
			);
			outputPaths = (
				"$(DERIVED_FILE_DIR)/Pods-FilmList-checkManifestLockResult.txt",
			);
			runOnlyForDeploymentPostprocessing = 0;
			shellPath = /bin/sh;
			shellScript = "diff \"${PODS_PODFILE_DIR_PATH}/Podfile.lock\" \"${PODS_ROOT}/Manifest.lock\" > /dev/null\nif [ $? != 0 ] ; then\n    # print error to STDERR\n    echo \"error: The sandbox is not in sync with the Podfile.lock. Run 'pod install' or update your CocoaPods installation.\" >&2\n    exit 1\nfi\n# This output is used by Xcode 'outputs' to avoid re-running this script phase.\necho \"SUCCESS\" > \"${SCRIPT_OUTPUT_FILE_0}\"\n";
			showEnvVarsInLog = 0;
		};
/* End PBXShellScriptBuildPhase section */

/* Begin PBXSourcesBuildPhase section */
		F024890E29FAB82E00C761A0 /* Sources */ = {
			isa = PBXSourcesBuildPhase;
			buildActionMask = 2147483647;
			files = (
				F024891A29FAB82E00C761A0 /* ViewController.swift in Sources */,
				F024891629FAB82E00C761A0 /* AppDelegate.swift in Sources */,
			);
			runOnlyForDeploymentPostprocessing = 0;
		};
		F024892429FAB83100C761A0 /* Sources */ = {
			isa = PBXSourcesBuildPhase;
			buildActionMask = 2147483647;
			files = (
				F024892D29FAB83100C761A0 /* FilmListTests.swift in Sources */,
			);
			runOnlyForDeploymentPostprocessing = 0;
		};
		F024892E29FAB83100C761A0 /* Sources */ = {
			isa = PBXSourcesBuildPhase;
			buildActionMask = 2147483647;
			files = (
				F024893929FAB83100C761A0 /* FilmListUITestsLaunchTests.swift in Sources */,
				F024893729FAB83100C761A0 /* FilmListUITests.swift in Sources */,
			);
			runOnlyForDeploymentPostprocessing = 0;
		};
/* End PBXSourcesBuildPhase section */

/* Begin PBXTargetDependency section */
		F024892A29FAB83100C761A0 /* PBXTargetDependency */ = {
			isa = PBXTargetDependency;
			target = F024891129FAB82E00C761A0 /* FilmList */;
			targetProxy = F024892929FAB83100C761A0 /* PBXContainerItemProxy */;
		};
		F024893429FAB83100C761A0 /* PBXTargetDependency */ = {
			isa = PBXTargetDependency;
			target = F024891129FAB82E00C761A0 /* FilmList */;
			targetProxy = F024893329FAB83100C761A0 /* PBXContainerItemProxy */;
		};
/* End PBXTargetDependency section */

/* Begin PBXVariantGroup section */
		F024891B29FAB82E00C761A0 /* Main.storyboard */ = {
			isa = PBXVariantGroup;
			children = (
				F024891C29FAB82E00C761A0 /* Base */,
			);
			name = Main.storyboard;
			sourceTree = "<group>";
		};
		F024892029FAB83000C761A0 /* LaunchScreen.storyboard */ = {
			isa = PBXVariantGroup;
			children = (
				F024892129FAB83000C761A0 /* Base */,
			);
			name = LaunchScreen.storyboard;
			sourceTree = "<group>";
		};
/* End PBXVariantGroup section */

/* Begin XCBuildConfiguration section */
		F024893A29FAB83100C761A0 /* Debug */ = {
			isa = XCBuildConfiguration;
			buildSettings = {
				ALWAYS_SEARCH_USER_PATHS = NO;
				CLANG_ANALYZER_NONNULL = YES;
				CLANG_ANALYZER_NUMBER_OBJECT_CONVERSION = YES_AGGRESSIVE;
				CLANG_CXX_LANGUAGE_STANDARD = "gnu++20";
				CLANG_ENABLE_MODULES = YES;
				CLANG_ENABLE_OBJC_ARC = YES;
				CLANG_ENABLE_OBJC_WEAK = YES;
				CLANG_WARN_BLOCK_CAPTURE_AUTORELEASING = YES;
				CLANG_WARN_BOOL_CONVERSION = YES;
				CLANG_WARN_COMMA = YES;
				CLANG_WARN_CONSTANT_CONVERSION = YES;
				CLANG_WARN_DEPRECATED_OBJC_IMPLEMENTATIONS = YES;
				CLANG_WARN_DIRECT_OBJC_ISA_USAGE = YES_ERROR;
				CLANG_WARN_DOCUMENTATION_COMMENTS = YES;
				CLANG_WARN_EMPTY_BODY = YES;
				CLANG_WARN_ENUM_CONVERSION = YES;
				CLANG_WARN_INFINITE_RECURSION = YES;
				CLANG_WARN_INT_CONVERSION = YES;
				CLANG_WARN_NON_LITERAL_NULL_CONVERSION = YES;
				CLANG_WARN_OBJC_IMPLICIT_RETAIN_SELF = YES;
				CLANG_WARN_OBJC_LITERAL_CONVERSION = YES;
				CLANG_WARN_OBJC_ROOT_CLASS = YES_ERROR;
				CLANG_WARN_QUOTED_INCLUDE_IN_FRAMEWORK_HEADER = YES;
				CLANG_WARN_RANGE_LOOP_ANALYSIS = YES;
				CLANG_WARN_STRICT_PROTOTYPES = YES;
				CLANG_WARN_SUSPICIOUS_MOVE = YES;
				CLANG_WARN_UNGUARDED_AVAILABILITY = YES_AGGRESSIVE;
				CLANG_WARN_UNREACHABLE_CODE = YES;
				CLANG_WARN__DUPLICATE_METHOD_MATCH = YES;
				COPY_PHASE_STRIP = NO;
				DEBUG_INFORMATION_FORMAT = dwarf;
				ENABLE_STRICT_OBJC_MSGSEND = YES;
				ENABLE_TESTABILITY = YES;
				GCC_C_LANGUAGE_STANDARD = gnu11;
				GCC_DYNAMIC_NO_PIC = NO;
				GCC_NO_COMMON_BLOCKS = YES;
				GCC_OPTIMIZATION_LEVEL = 0;
				GCC_PREPROCESSOR_DEFINITIONS = (
					"DEBUG=1",
					"$(inherited)",
				);
				GCC_WARN_64_TO_32_BIT_CONVERSION = YES;
				GCC_WARN_ABOUT_RETURN_TYPE = YES_ERROR;
				GCC_WARN_UNDECLARED_SELECTOR = YES;
				GCC_WARN_UNINITIALIZED_AUTOS = YES_AGGRESSIVE;
				GCC_WARN_UNUSED_FUNCTION = YES;
				GCC_WARN_UNUSED_VARIABLE = YES;
				IPHONEOS_DEPLOYMENT_TARGET = 16.4;
				MTL_ENABLE_DEBUG_INFO = INCLUDE_SOURCE;
				MTL_FAST_MATH = YES;
				ONLY_ACTIVE_ARCH = YES;
				SDKROOT = iphoneos;
				SWIFT_ACTIVE_COMPILATION_CONDITIONS = DEBUG;
				SWIFT_OPTIMIZATION_LEVEL = "-Onone";
			};
			name = Debug;
		};
		F024893B29FAB83100C761A0 /* Release */ = {
			isa = XCBuildConfiguration;
			buildSettings = {
				ALWAYS_SEARCH_USER_PATHS = NO;
				CLANG_ANALYZER_NONNULL = YES;
				CLANG_ANALYZER_NUMBER_OBJECT_CONVERSION = YES_AGGRESSIVE;
				CLANG_CXX_LANGUAGE_STANDARD = "gnu++20";
				CLANG_ENABLE_MODULES = YES;
				CLANG_ENABLE_OBJC_ARC = YES;
				CLANG_ENABLE_OBJC_WEAK = YES;
				CLANG_WARN_BLOCK_CAPTURE_AUTORELEASING = YES;
				CLANG_WARN_BOOL_CONVERSION = YES;
				CLANG_WARN_COMMA = YES;
				CLANG_WARN_CONSTANT_CONVERSION = YES;
				CLANG_WARN_DEPRECATED_OBJC_IMPLEMENTATIONS = YES;
				CLANG_WARN_DIRECT_OBJC_ISA_USAGE = YES_ERROR;
				CLANG_WARN_DOCUMENTATION_COMMENTS = YES;
				CLANG_WARN_EMPTY_BODY = YES;
				CLANG_WARN_ENUM_CONVERSION = YES;
				CLANG_WARN_INFINITE_RECURSION = YES;
				CLANG_WARN_INT_CONVERSION = YES;
				CLANG_WARN_NON_LITERAL_NULL_CONVERSION = YES;
				CLANG_WARN_OBJC_IMPLICIT_RETAIN_SELF = YES;
				CLANG_WARN_OBJC_LITERAL_CONVERSION = YES;
				CLANG_WARN_OBJC_ROOT_CLASS = YES_ERROR;
				CLANG_WARN_QUOTED_INCLUDE_IN_FRAMEWORK_HEADER = YES;
				CLANG_WARN_RANGE_LOOP_ANALYSIS = YES;
				CLANG_WARN_STRICT_PROTOTYPES = YES;
				CLANG_WARN_SUSPICIOUS_MOVE = YES;
				CLANG_WARN_UNGUARDED_AVAILABILITY = YES_AGGRESSIVE;
				CLANG_WARN_UNREACHABLE_CODE = YES;
				CLANG_WARN__DUPLICATE_METHOD_MATCH = YES;
				COPY_PHASE_STRIP = NO;
				DEBUG_INFORMATION_FORMAT = "dwarf-with-dsym";
				ENABLE_NS_ASSERTIONS = NO;
				ENABLE_STRICT_OBJC_MSGSEND = YES;
				GCC_C_LANGUAGE_STANDARD = gnu11;
				GCC_NO_COMMON_BLOCKS = YES;
				GCC_WARN_64_TO_32_BIT_CONVERSION = YES;
				GCC_WARN_ABOUT_RETURN_TYPE = YES_ERROR;
				GCC_WARN_UNDECLARED_SELECTOR = YES;
				GCC_WARN_UNINITIALIZED_AUTOS = YES_AGGRESSIVE;
				GCC_WARN_UNUSED_FUNCTION = YES;
				GCC_WARN_UNUSED_VARIABLE = YES;
				IPHONEOS_DEPLOYMENT_TARGET = 16.4;
				MTL_ENABLE_DEBUG_INFO = NO;
				MTL_FAST_MATH = YES;
				SDKROOT = iphoneos;
				SWIFT_COMPILATION_MODE = wholemodule;
				SWIFT_OPTIMIZATION_LEVEL = "-O";
				VALIDATE_PRODUCT = YES;
			};
			name = Release;
		};
		F024893D29FAB83100C761A0 /* Debug */ = {
			isa = XCBuildConfiguration;
			baseConfigurationReference = 13A6B2BC25B346F06C9E9EEE /* Pods-FilmList.debug.xcconfig */;
			buildSettings = {
				ASSETCATALOG_COMPILER_APPICON_NAME = AppIcon;
				ASSETCATALOG_COMPILER_GLOBAL_ACCENT_COLOR_NAME = AccentColor;
				CODE_SIGN_STYLE = Automatic;
				CURRENT_PROJECT_VERSION = 1;
				DEVELOPMENT_TEAM = JVAJVCXNP9;
				GENERATE_INFOPLIST_FILE = YES;
				INFOPLIST_FILE = FilmList/Info.plist;
				INFOPLIST_KEY_UIApplicationSupportsIndirectInputEvents = YES;
				INFOPLIST_KEY_UILaunchStoryboardName = LaunchScreen;
				INFOPLIST_KEY_UIMainStoryboardFile = Main;
				INFOPLIST_KEY_UISupportedInterfaceOrientations = UIInterfaceOrientationPortrait;
				IPHONEOS_DEPLOYMENT_TARGET = 13.0;
				LD_RUNPATH_SEARCH_PATHS = (
					"$(inherited)",
					"@executable_path/Frameworks",
				);
				MARKETING_VERSION = 1.0;
				PRODUCT_BUNDLE_IDENTIFIER = ToporkovMaksim.FilmList;
				PRODUCT_NAME = "$(TARGET_NAME)";
				SWIFT_EMIT_LOC_STRINGS = YES;
				SWIFT_VERSION = 5.0;
				TARGETED_DEVICE_FAMILY = "1,2";
			};
			name = Debug;
		};
		F024893E29FAB83100C761A0 /* Release */ = {
			isa = XCBuildConfiguration;
			baseConfigurationReference = 8796802444E3A28A397E0CC2 /* Pods-FilmList.release.xcconfig */;
			buildSettings = {
				ASSETCATALOG_COMPILER_APPICON_NAME = AppIcon;
				ASSETCATALOG_COMPILER_GLOBAL_ACCENT_COLOR_NAME = AccentColor;
				CODE_SIGN_STYLE = Automatic;
				CURRENT_PROJECT_VERSION = 1;
				DEVELOPMENT_TEAM = JVAJVCXNP9;
				GENERATE_INFOPLIST_FILE = YES;
				INFOPLIST_FILE = FilmList/Info.plist;
				INFOPLIST_KEY_UIApplicationSupportsIndirectInputEvents = YES;
				INFOPLIST_KEY_UILaunchStoryboardName = LaunchScreen;
				INFOPLIST_KEY_UIMainStoryboardFile = Main;
				INFOPLIST_KEY_UISupportedInterfaceOrientations = UIInterfaceOrientationPortrait;
				IPHONEOS_DEPLOYMENT_TARGET = 13.0;
				LD_RUNPATH_SEARCH_PATHS = (
					"$(inherited)",
					"@executable_path/Frameworks",
				);
				MARKETING_VERSION = 1.0;
				PRODUCT_BUNDLE_IDENTIFIER = ToporkovMaksim.FilmList;
				PRODUCT_NAME = "$(TARGET_NAME)";
				SWIFT_EMIT_LOC_STRINGS = YES;
				SWIFT_VERSION = 5.0;
				TARGETED_DEVICE_FAMILY = "1,2";
			};
			name = Release;
		};
		F024894029FAB83100C761A0 /* Debug */ = {
			isa = XCBuildConfiguration;
			baseConfigurationReference = FFA1B4B7120DAC60F41DEA0B /* Pods-FilmListTests.debug.xcconfig */;
			buildSettings = {
				ALWAYS_EMBED_SWIFT_STANDARD_LIBRARIES = YES;
				BUNDLE_LOADER = "$(TEST_HOST)";
				CODE_SIGN_STYLE = Automatic;
				CURRENT_PROJECT_VERSION = 1;
				DEVELOPMENT_TEAM = JVAJVCXNP9;
				GENERATE_INFOPLIST_FILE = YES;
				IPHONEOS_DEPLOYMENT_TARGET = 16.4;
				MARKETING_VERSION = 1.0;
				PRODUCT_BUNDLE_IDENTIFIER = ToporkovMaksim.FilmListTests;
				PRODUCT_NAME = "$(TARGET_NAME)";
				SWIFT_EMIT_LOC_STRINGS = NO;
				SWIFT_VERSION = 5.0;
				TARGETED_DEVICE_FAMILY = "1,2";
				TEST_HOST = "$(BUILT_PRODUCTS_DIR)/FilmList.app/$(BUNDLE_EXECUTABLE_FOLDER_PATH)/FilmList";
			};
			name = Debug;
		};
		F024894129FAB83100C761A0 /* Release */ = {
			isa = XCBuildConfiguration;
			baseConfigurationReference = 0E746CAB2CCAE872B4C3EFAA /* Pods-FilmListTests.release.xcconfig */;
			buildSettings = {
				ALWAYS_EMBED_SWIFT_STANDARD_LIBRARIES = YES;
				BUNDLE_LOADER = "$(TEST_HOST)";
				CODE_SIGN_STYLE = Automatic;
				CURRENT_PROJECT_VERSION = 1;
				DEVELOPMENT_TEAM = JVAJVCXNP9;
				GENERATE_INFOPLIST_FILE = YES;
				IPHONEOS_DEPLOYMENT_TARGET = 16.4;
				MARKETING_VERSION = 1.0;
				PRODUCT_BUNDLE_IDENTIFIER = ToporkovMaksim.FilmListTests;
				PRODUCT_NAME = "$(TARGET_NAME)";
				SWIFT_EMIT_LOC_STRINGS = NO;
				SWIFT_VERSION = 5.0;
				TARGETED_DEVICE_FAMILY = "1,2";
				TEST_HOST = "$(BUILT_PRODUCTS_DIR)/FilmList.app/$(BUNDLE_EXECUTABLE_FOLDER_PATH)/FilmList";
			};
			name = Release;
		};
		F024894329FAB83100C761A0 /* Debug */ = {
			isa = XCBuildConfiguration;
			baseConfigurationReference = 39F5C7A5C96C0B4A4A8BF86A /* Pods-FilmList-FilmListUITests.debug.xcconfig */;
			buildSettings = {
				ALWAYS_EMBED_SWIFT_STANDARD_LIBRARIES = YES;
				CODE_SIGN_STYLE = Automatic;
				CURRENT_PROJECT_VERSION = 1;
				DEVELOPMENT_TEAM = JVAJVCXNP9;
				GENERATE_INFOPLIST_FILE = YES;
				MARKETING_VERSION = 1.0;
				PRODUCT_BUNDLE_IDENTIFIER = ToporkovMaksim.FilmListUITests;
				PRODUCT_NAME = "$(TARGET_NAME)";
				SWIFT_EMIT_LOC_STRINGS = NO;
				SWIFT_VERSION = 5.0;
				TARGETED_DEVICE_FAMILY = "1,2";
				TEST_TARGET_NAME = FilmList;
			};
			name = Debug;
		};
		F024894429FAB83100C761A0 /* Release */ = {
			isa = XCBuildConfiguration;
			baseConfigurationReference = 64FCE8C5281BC1DA32C8AD89 /* Pods-FilmList-FilmListUITests.release.xcconfig */;
			buildSettings = {
				ALWAYS_EMBED_SWIFT_STANDARD_LIBRARIES = YES;
				CODE_SIGN_STYLE = Automatic;
				CURRENT_PROJECT_VERSION = 1;
				DEVELOPMENT_TEAM = JVAJVCXNP9;
				GENERATE_INFOPLIST_FILE = YES;
				MARKETING_VERSION = 1.0;
				PRODUCT_BUNDLE_IDENTIFIER = ToporkovMaksim.FilmListUITests;
				PRODUCT_NAME = "$(TARGET_NAME)";
				SWIFT_EMIT_LOC_STRINGS = NO;
				SWIFT_VERSION = 5.0;
				TARGETED_DEVICE_FAMILY = "1,2";
				TEST_TARGET_NAME = FilmList;
			};
			name = Release;
		};
/* End XCBuildConfiguration section */

/* Begin XCConfigurationList section */
		F024890D29FAB82E00C761A0 /* Build configuration list for PBXProject "FilmList" */ = {
			isa = XCConfigurationList;
			buildConfigurations = (
				F024893A29FAB83100C761A0 /* Debug */,
				F024893B29FAB83100C761A0 /* Release */,
			);
			defaultConfigurationIsVisible = 0;
			defaultConfigurationName = Release;
		};
		F024893C29FAB83100C761A0 /* Build configuration list for PBXNativeTarget "FilmList" */ = {
			isa = XCConfigurationList;
			buildConfigurations = (
				F024893D29FAB83100C761A0 /* Debug */,
				F024893E29FAB83100C761A0 /* Release */,
			);
			defaultConfigurationIsVisible = 0;
			defaultConfigurationName = Release;
		};
		F024893F29FAB83100C761A0 /* Build configuration list for PBXNativeTarget "FilmListTests" */ = {
			isa = XCConfigurationList;
			buildConfigurations = (
				F024894029FAB83100C761A0 /* Debug */,
				F024894129FAB83100C761A0 /* Release */,
			);
			defaultConfigurationIsVisible = 0;
			defaultConfigurationName = Release;
		};
		F024894229FAB83100C761A0 /* Build configuration list for PBXNativeTarget "FilmListUITests" */ = {
			isa = XCConfigurationList;
			buildConfigurations = (
				F024894329FAB83100C761A0 /* Debug */,
				F024894429FAB83100C761A0 /* Release */,
			);
			defaultConfigurationIsVisible = 0;
			defaultConfigurationName = Release;
		};
/* End XCConfigurationList section */
	};
	rootObject = F024890A29FAB82E00C761A0 /* Project object */;
}
